
Microsoft Visual Studio Solution File, Format Version 12.00
# Visual Studio 15
VisualStudioVersion = 15.0.26127.0
MinimumVisualStudioVersion = 10.0.40219.1
Project("{FAE04EC0-301F-11D3-BF4B-00C04F79EFBC}") = "servicedesk.Services.Mailing", "servicedesk.Services.Mailing\servicedesk.Services.Mailing.csproj", "{CC1DE2C3-D04B-492B-B6AB-79EE1FB6F36D}"
EndProject
Project("{E53339B2-1760-4266-BCC7-CA923CBCF16C}") = "docker-compose", "docker-compose.dcproj", "{90C26D17-BD12-46E9-88BE-F8C1D9EAE6B1}"
EndProject
Global
	GlobalSection(SolutionConfigurationPlatforms) = preSolution
		Debug|Any CPU = Debug|Any CPU
		Debug|x64 = Debug|x64
		Debug|x86 = Debug|x86
		Release|Any CPU = Release|Any CPU
		Release|x64 = Release|x64
		Release|x86 = Release|x86
	EndGlobalSection
	GlobalSection(ProjectConfigurationPlatforms) = postSolution
		{CC1DE2C3-D04B-492B-B6AB-79EE1FB6F36D}.Debug|Any CPU.ActiveCfg = Debug|Any CPU
		{CC1DE2C3-D04B-492B-B6AB-79EE1FB6F36D}.Debug|Any CPU.Build.0 = Debug|Any CPU
		{CC1DE2C3-D04B-492B-B6AB-79EE1FB6F36D}.Debug|x64.ActiveCfg = Debug|x64
		{CC1DE2C3-D04B-492B-B6AB-79EE1FB6F36D}.Debug|x64.Build.0 = Debug|x64
		{CC1DE2C3-D04B-492B-B6AB-79EE1FB6F36D}.Debug|x86.ActiveCfg = Debug|x86
		{CC1DE2C3-D04B-492B-B6AB-79EE1FB6F36D}.Debug|x86.Build.0 = Debug|x86
		{CC1DE2C3-D04B-492B-B6AB-79EE1FB6F36D}.Release|Any CPU.ActiveCfg = Release|Any CPU
		{CC1DE2C3-D04B-492B-B6AB-79EE1FB6F36D}.Release|Any CPU.Build.0 = Release|Any CPU
		{CC1DE2C3-D04B-492B-B6AB-79EE1FB6F36D}.Release|x64.ActiveCfg = Release|x64
		{CC1DE2C3-D04B-492B-B6AB-79EE1FB6F36D}.Release|x64.Build.0 = Release|x64
		{CC1DE2C3-D04B-492B-B6AB-79EE1FB6F36D}.Release|x86.ActiveCfg = Release|x86
		{CC1DE2C3-D04B-492B-B6AB-79EE1FB6F36D}.Release|x86.Build.0 = Release|x86
		{90C26D17-BD12-46E9-88BE-F8C1D9EAE6B1}.Debug|Any CPU.ActiveCfg = Debug|Any CPU
		{90C26D17-BD12-46E9-88BE-F8C1D9EAE6B1}.Debug|Any CPU.Build.0 = Debug|Any CPU
		{90C26D17-BD12-46E9-88BE-F8C1D9EAE6B1}.Debug|x64.ActiveCfg = Debug|Any CPU
		{90C26D17-BD12-46E9-88BE-F8C1D9EAE6B1}.Debug|x64.Build.0 = Debug|Any CPU
		{90C26D17-BD12-46E9-88BE-F8C1D9EAE6B1}.Debug|x86.ActiveCfg = Debug|Any CPU
		{90C26D17-BD12-46E9-88BE-F8C1D9EAE6B1}.Debug|x86.Build.0 = Debug|Any CPU
		{90C26D17-BD12-46E9-88BE-F8C1D9EAE6B1}.Release|Any CPU.ActiveCfg = Release|Any CPU
		{90C26D17-BD12-46E9-88BE-F8C1D9EAE6B1}.Release|Any CPU.Build.0 = Release|Any CPU
		{90C26D17-BD12-46E9-88BE-F8C1D9EAE6B1}.Release|x64.ActiveCfg = Release|Any CPU
		{90C26D17-BD12-46E9-88BE-F8C1D9EAE6B1}.Release|x64.Build.0 = Release|Any CPU
		{90C26D17-BD12-46E9-88BE-F8C1D9EAE6B1}.Release|x86.ActiveCfg = Release|Any CPU
		{90C26D17-BD12-46E9-88BE-F8C1D9EAE6B1}.Release|x86.Build.0 = Release|Any CPU
	EndGlobalSection
	GlobalSection(SolutionProperties) = preSolution
		HideSolutionNode = FALSE
	EndGlobalSection
EndGlobal
